<?xml version="1.0" encoding="utf-8"?>
<Project ToolsVersion="4.0" xmlns="http://schemas.microsoft.com/developer/msbuild/2003">
  <ItemGroup>
    <Filter Include="소스 파일">
      <UniqueIdentifier>{4FC737F1-C7A5-4376-A066-2A32D752A2FF}</UniqueIdentifier>
      <Extensions>cpp;c;cc;cxx;c++;cppm;ixx;def;odl;idl;hpj;bat;asm;asmx</Extensions>
    </Filter>
    <Filter Include="헤더 파일">
      <UniqueIdentifier>{93995380-89BD-4b04-88EB-625FBE52EBFB}</UniqueIdentifier>
      <Extensions>h;hh;hpp;hxx;h++;hm;inl;inc;ipp;xsd</Extensions>
    </Filter>
    <Filter Include="리소스 파일">
      <UniqueIdentifier>{67DA6AB6-F800-4c08-8B7A-83BB121AAD01}</UniqueIdentifier>
      <Extensions>rc;ico;cur;bmp;dlg;rc2;rct;bin;rgs;gif;jpg;jpeg;jpe;resx;tiff;tif;png;wav;mfcribbon-ms</Extensions>
    </Filter>
    <Filter Include="소스 파일\00. MainGame">
      <UniqueIdentifier>{17d237bc-7c63-4283-a911-0383b5a4e769}</UniqueIdentifier>
    </Filter>
    <Filter Include="소스 파일\01. Object">
      <UniqueIdentifier>{6ee222f8-924d-4b8c-a899-aa0737f6f7a6}</UniqueIdentifier>
    </Filter>
    <Filter Include="소스 파일\01. Object\01. Cube">
      <UniqueIdentifier>{c9173686-ac7e-40ca-b922-5db9a38f693a}</UniqueIdentifier>
    </Filter>
    <Filter Include="소스 파일\Manager">
      <UniqueIdentifier>{8c84d89a-6f56-43ad-bc71-40c7667795a2}</UniqueIdentifier>
    </Filter>
    <Filter Include="소스 파일\Manager\01. Object">
      <UniqueIdentifier>{5b094066-b4d8-4fc2-b317-b7f35159f42b}</UniqueIdentifier>
    </Filter>
    <Filter Include="소스 파일\Manager\02. Scene">
      <UniqueIdentifier>{efd3e59b-63b3-40b4-8c9c-8290b81f6de7}</UniqueIdentifier>
    </Filter>
    <Filter Include="소스 파일\02. Scene">
      <UniqueIdentifier>{772f5894-7508-4b31-8902-d8e77992103e}</UniqueIdentifier>
    </Filter>
    <Filter Include="소스 파일\02. Scene\01. Stage">
      <UniqueIdentifier>{972a83cb-c5b1-4320-97c4-1ccfca94633a}</UniqueIdentifier>
    </Filter>
    <Filter Include="소스 파일\Shader">
      <UniqueIdentifier>{62e9b206-124d-4809-b6ac-44b84dfb8489}</UniqueIdentifier>
    </Filter>
    <Filter Include="소스 파일\01. Object\02. Player">
      <UniqueIdentifier>{4ca5c56f-4307-47ba-8125-2cf2cd1f3984}</UniqueIdentifier>
    </Filter>
    <Filter Include="소스 파일\01. Object\03. Item">
      <UniqueIdentifier>{2c7a9c31-709e-4cfb-a1e9-63dbb7f15308}</UniqueIdentifier>
    </Filter>
  </ItemGroup>
  <ItemGroup>
    <ClCompile Include="main.cpp">
      <Filter>소스 파일</Filter>
    </ClCompile>
    <ClCompile Include="MainGame.cpp">
      <Filter>소스 파일\00. MainGame</Filter>
    </ClCompile>
    <ClCompile Include="Object.cpp">
      <Filter>소스 파일\01. Object</Filter>
    </ClCompile>
    <ClCompile Include="Cube.cpp">
      <Filter>소스 파일\01. Object\01. Cube</Filter>
    </ClCompile>
    <ClCompile Include="ObjectManager.cpp">
      <Filter>소스 파일\Manager\01. Object</Filter>
    </ClCompile>
    <ClCompile Include="SceneManager.cpp">
      <Filter>소스 파일\Manager\02. Scene</Filter>
    </ClCompile>
    <ClCompile Include="Scene.cpp">
      <Filter>소스 파일\02. Scene</Filter>
    </ClCompile>
    <ClCompile Include="Stage.cpp">
      <Filter>소스 파일\02. Scene\01. Stage</Filter>
    </ClCompile>
    <ClCompile Include="Player.cpp">
      <Filter>소스 파일\01. Object\02. Player</Filter>
    </ClCompile>
    <ClCompile Include="Item.cpp">
      <Filter>소스 파일\01. Object\03. Item</Filter>
    </ClCompile>
  </ItemGroup>
  <ItemGroup>
    <ClInclude Include="stdafx.h">
      <Filter>헤더 파일</Filter>
    </ClInclude>
    <ClInclude Include="MainGame.h">
      <Filter>소스 파일\00. MainGame</Filter>
    </ClInclude>
    <ClInclude Include="Object.h">
      <Filter>소스 파일\01. Object</Filter>
    </ClInclude>
    <ClInclude Include="Cube.h">
      <Filter>소스 파일\01. Object\01. Cube</Filter>
    </ClInclude>
    <ClInclude Include="ObjectManager.h">
      <Filter>소스 파일\Manager\01. Object</Filter>
    </ClInclude>
    <ClInclude Include="SceneManager.h">
      <Filter>소스 파일\Manager\02. Scene</Filter>
    </ClInclude>
    <ClInclude Include="Scene.h">
      <Filter>소스 파일\02. Scene</Filter>
    </ClInclude>
    <ClInclude Include="Stage.h">
      <Filter>소스 파일\02. Scene\01. Stage</Filter>
    </ClInclude>
    <ClInclude Include="Player.h">
      <Filter>소스 파일\01. Object\02. Player</Filter>
    </ClInclude>
    <ClInclude Include="Item.h">
      <Filter>소스 파일\01. Object\03. Item</Filter>
    </ClInclude>
  </ItemGroup>
  <ItemGroup>
    <None Include="..\..\OpenGlTransformation2\OpenGlTransformation2\fragment.glsl">
      <Filter>소스 파일\Shader</Filter>
    </None>
    <None Include="..\..\OpenGlTransformation2\OpenGlTransformation2\vertex.glsl">
      <Filter>소스 파일\Shader</Filter>
    </None>
  </ItemGroup>
</Project>